
Microsoft Visual Studio Solution File, Format Version 12.00
# Visual Studio Version 17
VisualStudioVersion = 17.7.34031.279
MinimumVisualStudioVersion = 10.0.40219.1
Project("{888888A0-9F3D-457C-B088-3A5042F75D52}") = "Sorts_Python", "Sorts_Python.pyproj", "{36540BE7-17C9-40A1-A5D7-5D54062345E5}"
EndProject
Global
	GlobalSection(SolutionConfigurationPlatforms) = preSolution
		Debug|Any CPU = Debug|Any CPU
		Release|Any CPU = Release|Any CPU
	EndGlobalSection
	GlobalSection(ProjectConfigurationPlatforms) = postSolution
		{36540BE7-17C9-40A1-A5D7-5D54062345E5}.Debug|Any CPU.ActiveCfg = Debug|Any CPU
		{36540BE7-17C9-40A1-A5D7-5D54062345E5}.Release|Any CPU.ActiveCfg = Release|Any CPU
	EndGlobalSection
	GlobalSection(SolutionProperties) = preSolution
		HideSolutionNode = FALSE
	EndGlobalSection
	GlobalSection(ExtensibilityGlobals) = postSolution
		SolutionGuid = {FB04FD9E-E0C2-4534-99CA-5C15DE4C2533}
	EndGlobalSection
EndGlobal
